// !$*UTF8*$!
{
	archiveVersion = 1;
	classes = {
	};
	objectVersion = 48;
	objects = {

/* Begin PBXBuildFile section */
		C813CD261F894ADD00486ABB /* AppDelegate.swift in Sources */ = {isa = PBXBuildFile; fileRef = C813CD251F894ADD00486ABB /* AppDelegate.swift */; };
		C813CD2D1F894ADD00486ABB /* Main.storyboard in Resources */ = {isa = PBXBuildFile; fileRef = C813CD2B1F894ADD00486ABB /* Main.storyboard */; };
		C813CD321F894ADD00486ABB /* LaunchScreen.storyboard in Resources */ = {isa = PBXBuildFile; fileRef = C813CD301F894ADD00486ABB /* LaunchScreen.storyboard */; };
		C813CD3A1F894B2C00486ABB /* ViewController.swift in Sources */ = {isa = PBXBuildFile; fileRef = C813CD391F894B2C00486ABB /* ViewController.swift */; };
		C8267AD41F9428D400C4051C /* BoardIndex.swift in Sources */ = {isa = PBXBuildFile; fileRef = C8267AD31F9428D400C4051C /* BoardIndex.swift */; };
		C84B72A71F894D6900D96249 /* Assets.scnassets in Resources */ = {isa = PBXBuildFile; fileRef = C84B72A61F894D6900D96249 /* Assets.scnassets */; };
		C857CAC51F8AB50700493588 /* Piece.swift in Sources */ = {isa = PBXBuildFile; fileRef = C857CAC41F8AB50700493588 /* Piece.swift */; };
		C857CAC71F8AB6E800493588 /* Board.swift in Sources */ = {isa = PBXBuildFile; fileRef = C857CAC61F8AB6E800493588 /* Board.swift */; };
		C857CAC91F8AB77900493588 /* Square.swift in Sources */ = {isa = PBXBuildFile; fileRef = C857CAC81F8AB77900493588 /* Square.swift */; };
		C857CACB1F8AB93B00493588 /* Game.swift in Sources */ = {isa = PBXBuildFile; fileRef = C857CACA1F8AB93B00493588 /* Game.swift */; };
		C857CACD1F8AB9E400493588 /* Player.swift in Sources */ = {isa = PBXBuildFile; fileRef = C857CACC1F8AB9E400493588 /* Player.swift */; };
		C857CACF1F8AD05100493588 /* setSquares.plist in Resources */ = {isa = PBXBuildFile; fileRef = C857CACE1F8AD05100493588 /* setSquares.plist */; };
		C857CAD11F8B341300493588 /* movements.plist in Resources */ = {isa = PBXBuildFile; fileRef = C857CAD01F8B341300493588 /* movements.plist */; };
		C85D1AF01F89624400380CEE /* ChessBoxes.swift in Sources */ = {isa = PBXBuildFile; fileRef = C85D1AEF1F89624400380CEE /* ChessBoxes.swift */; };
		C8C415FD1F95C59400CA7B88 /* SKPiece.swift in Sources */ = {isa = PBXBuildFile; fileRef = C8C415FC1F95C59400CA7B88 /* SKPiece.swift */; };
		C8EFC0781F95829A005BE77F /* StartViewController.swift in Sources */ = {isa = PBXBuildFile; fileRef = C8EFC0771F95829A005BE77F /* StartViewController.swift */; };
		C8EFC09F1F95C3DB005BE77F /* SKBoard.swift in Sources */ = {isa = PBXBuildFile; fileRef = C8EFC09E1F95C3DB005BE77F /* SKBoard.swift */; };
		C8EFC0A11F95C3ED005BE77F /* SKGame.swift in Sources */ = {isa = PBXBuildFile; fileRef = C8EFC0A01F95C3ED005BE77F /* SKGame.swift */; };
		C8EFC0A31F95C459005BE77F /* SKSquare.swift in Sources */ = {isa = PBXBuildFile; fileRef = C8EFC0A21F95C459005BE77F /* SKSquare.swift */; };
/* End PBXBuildFile section */

/* Begin PBXFileReference section */
		C813CD221F894ADD00486ABB /* Play Chess.app */ = {isa = PBXFileReference; explicitFileType = wrapper.application; includeInIndex = 0; path = "Play Chess.app"; sourceTree = BUILT_PRODUCTS_DIR; };
		C813CD251F894ADD00486ABB /* AppDelegate.swift */ = {isa = PBXFileReference; lastKnownFileType = sourcecode.swift; path = AppDelegate.swift; sourceTree = "<group>"; };
		C813CD2C1F894ADD00486ABB /* Base */ = {isa = PBXFileReference; lastKnownFileType = file.storyboard; name = Base; path = Base.lproj/Main.storyboard; sourceTree = "<group>"; };
		C813CD311F894ADD00486ABB /* Base */ = {isa = PBXFileReference; lastKnownFileType = file.storyboard; name = Base; path = Base.lproj/LaunchScreen.storyboard; sourceTree = "<group>"; };
		C813CD331F894ADD00486ABB /* Info.plist */ = {isa = PBXFileReference; lastKnownFileType = text.plist.xml; path = Info.plist; sourceTree = "<group>"; };
		C813CD391F894B2C00486ABB /* ViewController.swift */ = {isa = PBXFileReference; fileEncoding = 4; lastKnownFileType = sourcecode.swift; path = ViewController.swift; sourceTree = "<group>"; };
		C8267AD31F9428D400C4051C /* BoardIndex.swift */ = {isa = PBXFileReference; fileEncoding = 4; lastKnownFileType = sourcecode.swift; path = BoardIndex.swift; sourceTree = "<group>"; };
		C84B72A61F894D6900D96249 /* Assets.scnassets */ = {isa = PBXFileReference; lastKnownFileType = wrapper.scnassets; path = Assets.scnassets; sourceTree = "<group>"; };
		C857CAC41F8AB50700493588 /* Piece.swift */ = {isa = PBXFileReference; lastKnownFileType = sourcecode.swift; path = Piece.swift; sourceTree = "<group>"; };
		C857CAC61F8AB6E800493588 /* Board.swift */ = {isa = PBXFileReference; lastKnownFileType = sourcecode.swift; path = Board.swift; sourceTree = "<group>"; };
		C857CAC81F8AB77900493588 /* Square.swift */ = {isa = PBXFileReference; lastKnownFileType = sourcecode.swift; path = Square.swift; sourceTree = "<group>"; };
		C857CACA1F8AB93B00493588 /* Game.swift */ = {isa = PBXFileReference; lastKnownFileType = sourcecode.swift; path = Game.swift; sourceTree = "<group>"; };
		C857CACC1F8AB9E400493588 /* Player.swift */ = {isa = PBXFileReference; lastKnownFileType = sourcecode.swift; path = Player.swift; sourceTree = "<group>"; };
		C857CACE1F8AD05100493588 /* setSquares.plist */ = {isa = PBXFileReference; lastKnownFileType = text.plist.xml; path = setSquares.plist; sourceTree = "<group>"; };
		C857CAD01F8B341300493588 /* movements.plist */ = {isa = PBXFileReference; lastKnownFileType = text.plist.xml; path = movements.plist; sourceTree = "<group>"; };
		C85D1AEF1F89624400380CEE /* ChessBoxes.swift */ = {isa = PBXFileReference; lastKnownFileType = sourcecode.swift; path = ChessBoxes.swift; sourceTree = "<group>"; };
		C8C415FC1F95C59400CA7B88 /* SKPiece.swift */ = {isa = PBXFileReference; lastKnownFileType = sourcecode.swift; path = SKPiece.swift; sourceTree = "<group>"; };
		C8EFC0771F95829A005BE77F /* StartViewController.swift */ = {isa = PBXFileReference; lastKnownFileType = sourcecode.swift; path = StartViewController.swift; sourceTree = "<group>"; };
		C8EFC09E1F95C3DB005BE77F /* SKBoard.swift */ = {isa = PBXFileReference; lastKnownFileType = sourcecode.swift; path = SKBoard.swift; sourceTree = "<group>"; };
		C8EFC0A01F95C3ED005BE77F /* SKGame.swift */ = {isa = PBXFileReference; lastKnownFileType = sourcecode.swift; path = SKGame.swift; sourceTree = "<group>"; };
		C8EFC0A21F95C459005BE77F /* SKSquare.swift */ = {isa = PBXFileReference; lastKnownFileType = sourcecode.swift; path = SKSquare.swift; sourceTree = "<group>"; };
/* End PBXFileReference section */

/* Begin PBXFrameworksBuildPhase section */
		C813CD1F1F894ADD00486ABB /* Frameworks */ = {
			isa = PBXFrameworksBuildPhase;
			buildActionMask = 2147483647;
			files = (
			);
			runOnlyForDeploymentPostprocessing = 0;
		};
/* End PBXFrameworksBuildPhase section */

/* Begin PBXGroup section */
		C813CD191F894ADD00486ABB = {
			isa = PBXGroup;
			children = (
				C813CD241F894ADD00486ABB /* Play Chess */,
				C813CD231F894ADD00486ABB /* Products */,
			);
			sourceTree = "<group>";
		};
		C813CD231F894ADD00486ABB /* Products */ = {
			isa = PBXGroup;
			children = (
				C813CD221F894ADD00486ABB /* Play Chess.app */,
			);
			name = Products;
			sourceTree = "<group>";
		};
		C813CD241F894ADD00486ABB /* Play Chess */ = {
			isa = PBXGroup;
			children = (
				C8EFC0791F9583D9005BE77F /* Controllers */,
				C857CAC31F8AB4EE00493588 /* Classes */,
				C84B72A61F894D6900D96249 /* Assets.scnassets */,
				C813CD251F894ADD00486ABB /* AppDelegate.swift */,
				C813CD2B1F894ADD00486ABB /* Main.storyboard */,
				C813CD301F894ADD00486ABB /* LaunchScreen.storyboard */,
				C813CD331F894ADD00486ABB /* Info.plist */,
				C85D1AEF1F89624400380CEE /* ChessBoxes.swift */,
				C857CACE1F8AD05100493588 /* setSquares.plist */,
				C857CAD01F8B341300493588 /* movements.plist */,
			);
			path = "Play Chess";
			sourceTree = "<group>";
		};
		C857CAC31F8AB4EE00493588 /* Classes */ = {
			isa = PBXGroup;
			children = (
				C8EFC09D1F95C3A1005BE77F /* SK Classes */,
				C8EFC09C1F95C394005BE77F /* AR Classes */,
				C8267AD31F9428D400C4051C /* BoardIndex.swift */,
			);
			path = Classes;
			sourceTree = "<group>";
		};
		C8EFC0791F9583D9005BE77F /* Controllers */ = {
			isa = PBXGroup;
			children = (
				C8EFC0771F95829A005BE77F /* StartViewController.swift */,
				C813CD391F894B2C00486ABB /* ViewController.swift */,
			);
			path = Controllers;
			sourceTree = "<group>";
		};
		C8EFC09C1F95C394005BE77F /* AR Classes */ = {
			isa = PBXGroup;
			children = (
				C857CAC41F8AB50700493588 /* Piece.swift */,
				C857CAC61F8AB6E800493588 /* Board.swift */,
				C857CAC81F8AB77900493588 /* Square.swift */,
				C857CACA1F8AB93B00493588 /* Game.swift */,
				C857CACC1F8AB9E400493588 /* Player.swift */,
			);
			path = "AR Classes";
			sourceTree = "<group>";
		};
		C8EFC09D1F95C3A1005BE77F /* SK Classes */ = {
			isa = PBXGroup;
			children = (
				C8EFC09E1F95C3DB005BE77F /* SKBoard.swift */,
				C8EFC0A01F95C3ED005BE77F /* SKGame.swift */,
				C8EFC0A21F95C459005BE77F /* SKSquare.swift */,
				C8C415FC1F95C59400CA7B88 /* SKPiece.swift */,
			);
			path = "SK Classes";
			sourceTree = "<group>";
		};
/* End PBXGroup section */

/* Begin PBXNativeTarget section */
		C813CD211F894ADD00486ABB /* Play Chess */ = {
			isa = PBXNativeTarget;
			buildConfigurationList = C813CD361F894ADD00486ABB /* Build configuration list for PBXNativeTarget "Play Chess" */;
			buildPhases = (
				C813CD1E1F894ADD00486ABB /* Sources */,
				C813CD1F1F894ADD00486ABB /* Frameworks */,
				C813CD201F894ADD00486ABB /* Resources */,
			);
			buildRules = (
			);
			dependencies = (
			);
			name = "Play Chess";
			productName = "Play Chess";
			productReference = C813CD221F894ADD00486ABB /* Play Chess.app */;
			productType = "com.apple.product-type.application";
		};
/* End PBXNativeTarget section */

/* Begin PBXProject section */
		C813CD1A1F894ADD00486ABB /* Project object */ = {
			isa = PBXProject;
			attributes = {
				LastSwiftUpdateCheck = 0910;
				LastUpgradeCheck = 0910;
				ORGANIZATIONNAME = "Aditya Emani";
				TargetAttributes = {
					C813CD211F894ADD00486ABB = {
						CreatedOnToolsVersion = 9.1;
						ProvisioningStyle = Automatic;
					};
				};
			};
			buildConfigurationList = C813CD1D1F894ADD00486ABB /* Build configuration list for PBXProject "Play Chess" */;
			compatibilityVersion = "Xcode 8.0";
			developmentRegion = en;
			hasScannedForEncodings = 0;
			knownRegions = (
				en,
				Base,
			);
			mainGroup = C813CD191F894ADD00486ABB;
			productRefGroup = C813CD231F894ADD00486ABB /* Products */;
			projectDirPath = "";
			projectRoot = "";
			targets = (
				C813CD211F894ADD00486ABB /* Play Chess */,
			);
		};
/* End PBXProject section */

/* Begin PBXResourcesBuildPhase section */
		C813CD201F894ADD00486ABB /* Resources */ = {
			isa = PBXResourcesBuildPhase;
			buildActionMask = 2147483647;
			files = (
				C857CAD11F8B341300493588 /* movements.plist in Resources */,
				C84B72A71F894D6900D96249 /* Assets.scnassets in Resources */,
				C813CD321F894ADD00486ABB /* LaunchScreen.storyboard in Resources */,
				C857CACF1F8AD05100493588 /* setSquares.plist in Resources */,
				C813CD2D1F894ADD00486ABB /* Main.storyboard in Resources */,
			);
			runOnlyForDeploymentPostprocessing = 0;
		};
/* End PBXResourcesBuildPhase section */

/* Begin PBXSourcesBuildPhase section */
		C813CD1E1F894ADD00486ABB /* Sources */ = {
			isa = PBXSourcesBuildPhase;
			buildActionMask = 2147483647;
			files = (
				C857CAC91F8AB77900493588 /* Square.swift in Sources */,
				C8267AD41F9428D400C4051C /* BoardIndex.swift in Sources */,
				C8C415FD1F95C59400CA7B88 /* SKPiece.swift in Sources */,
				C8EFC0A31F95C459005BE77F /* SKSquare.swift in Sources */,
				C857CAC51F8AB50700493588 /* Piece.swift in Sources */,
				C857CACB1F8AB93B00493588 /* Game.swift in Sources */,
				C813CD3A1F894B2C00486ABB /* ViewController.swift in Sources */,
				C8EFC09F1F95C3DB005BE77F /* SKBoard.swift in Sources */,
				C8EFC0781F95829A005BE77F /* StartViewController.swift in Sources */,
				C8EFC0A11F95C3ED005BE77F /* SKGame.swift in Sources */,
				C857CACD1F8AB9E400493588 /* Player.swift in Sources */,
				C857CAC71F8AB6E800493588 /* Board.swift in Sources */,
				C813CD261F894ADD00486ABB /* AppDelegate.swift in Sources */,
				C85D1AF01F89624400380CEE /* ChessBoxes.swift in Sources */,
			);
			runOnlyForDeploymentPostprocessing = 0;
		};
/* End PBXSourcesBuildPhase section */

/* Begin PBXVariantGroup section */
		C813CD2B1F894ADD00486ABB /* Main.storyboard */ = {
			isa = PBXVariantGroup;
			children = (
				C813CD2C1F894ADD00486ABB /* Base */,
			);
			name = Main.storyboard;
			sourceTree = "<group>";
		};
		C813CD301F894ADD00486ABB /* LaunchScreen.storyboard */ = {
			isa = PBXVariantGroup;
			children = (
				C813CD311F894ADD00486ABB /* Base */,
			);
			name = LaunchScreen.storyboard;
			sourceTree = "<group>";
		};
/* End PBXVariantGroup section */

/* Begin XCBuildConfiguration section */
		C813CD341F894ADD00486ABB /* Debug */ = {
			isa = XCBuildConfiguration;
			buildSettings = {
				ALWAYS_SEARCH_USER_PATHS = NO;
				CLANG_ANALYZER_NONNULL = YES;
				CLANG_ANALYZER_NUMBER_OBJECT_CONVERSION = YES_AGGRESSIVE;
				CLANG_CXX_LANGUAGE_STANDARD = "gnu++14";
				CLANG_CXX_LIBRARY = "libc++";
				CLANG_ENABLE_MODULES = YES;
				CLANG_ENABLE_OBJC_ARC = YES;
				CLANG_WARN_BLOCK_CAPTURE_AUTORELEASING = YES;
				CLANG_WARN_BOOL_CONVERSION = YES;
				CLANG_WARN_COMMA = YES;
				CLANG_WARN_CONSTANT_CONVERSION = YES;
				CLANG_WARN_DIRECT_OBJC_ISA_USAGE = YES_ERROR;
				CLANG_WARN_DOCUMENTATION_COMMENTS = YES;
				CLANG_WARN_EMPTY_BODY = YES;
				CLANG_WARN_ENUM_CONVERSION = YES;
				CLANG_WARN_INFINITE_RECURSION = YES;
				CLANG_WARN_INT_CONVERSION = YES;
				CLANG_WARN_NON_LITERAL_NULL_CONVERSION = YES;
				CLANG_WARN_OBJC_LITERAL_CONVERSION = YES;
				CLANG_WARN_OBJC_ROOT_CLASS = YES_ERROR;
				CLANG_WARN_RANGE_LOOP_ANALYSIS = YES;
				CLANG_WARN_STRICT_PROTOTYPES = YES;
				CLANG_WARN_SUSPICIOUS_MOVE = YES;
				CLANG_WARN_UNGUARDED_AVAILABILITY = YES_AGGRESSIVE;
				CLANG_WARN_UNREACHABLE_CODE = YES;
				CLANG_WARN__DUPLICATE_METHOD_MATCH = YES;
				CODE_SIGN_IDENTITY = "iPhone Developer";
				COPY_PHASE_STRIP = NO;
				DEBUG_INFORMATION_FORMAT = dwarf;
				ENABLE_STRICT_OBJC_MSGSEND = YES;
				ENABLE_TESTABILITY = YES;
				GCC_C_LANGUAGE_STANDARD = gnu11;
				GCC_DYNAMIC_NO_PIC = NO;
				GCC_NO_COMMON_BLOCKS = YES;
				GCC_OPTIMIZATION_LEVEL = 0;
				GCC_PREPROCESSOR_DEFINITIONS = (
					"DEBUG=1",
					"$(inherited)",
				);
				GCC_WARN_64_TO_32_BIT_CONVERSION = YES;
				GCC_WARN_ABOUT_RETURN_TYPE = YES_ERROR;
				GCC_WARN_UNDECLARED_SELECTOR = YES;
				GCC_WARN_UNINITIALIZED_AUTOS = YES_AGGRESSIVE;
				GCC_WARN_UNUSED_FUNCTION = YES;
				GCC_WARN_UNUSED_VARIABLE = YES;
				IPHONEOS_DEPLOYMENT_TARGET = 11.1;
				MTL_ENABLE_DEBUG_INFO = YES;
				ONLY_ACTIVE_ARCH = YES;
				SDKROOT = iphoneos;
				SWIFT_ACTIVE_COMPILATION_CONDITIONS = DEBUG;
				SWIFT_OPTIMIZATION_LEVEL = "-Onone";
			};
			name = Debug;
		};
		C813CD351F894ADD00486ABB /* Release */ = {
			isa = XCBuildConfiguration;
			buildSettings = {
				ALWAYS_SEARCH_USER_PATHS = NO;
				CLANG_ANALYZER_NONNULL = YES;
				CLANG_ANALYZER_NUMBER_OBJECT_CONVERSION = YES_AGGRESSIVE;
				CLANG_CXX_LANGUAGE_STANDARD = "gnu++14";
				CLANG_CXX_LIBRARY = "libc++";
				CLANG_ENABLE_MODULES = YES;
				CLANG_ENABLE_OBJC_ARC = YES;
				CLANG_WARN_BLOCK_CAPTURE_AUTORELEASING = YES;
				CLANG_WARN_BOOL_CONVERSION = YES;
				CLANG_WARN_COMMA = YES;
				CLANG_WARN_CONSTANT_CONVERSION = YES;
				CLANG_WARN_DIRECT_OBJC_ISA_USAGE = YES_ERROR;
				CLANG_WARN_DOCUMENTATION_COMMENTS = YES;
				CLANG_WARN_EMPTY_BODY = YES;
				CLANG_WARN_ENUM_CONVERSION = YES;
				CLANG_WARN_INFINITE_RECURSION = YES;
				CLANG_WARN_INT_CONVERSION = YES;
				CLANG_WARN_NON_LITERAL_NULL_CONVERSION = YES;
				CLANG_WARN_OBJC_LITERAL_CONVERSION = YES;
				CLANG_WARN_OBJC_ROOT_CLASS = YES_ERROR;
				CLANG_WARN_RANGE_LOOP_ANALYSIS = YES;
				CLANG_WARN_STRICT_PROTOTYPES = YES;
				CLANG_WARN_SUSPICIOUS_MOVE = YES;
				CLANG_WARN_UNGUARDED_AVAILABILITY = YES_AGGRESSIVE;
				CLANG_WARN_UNREACHABLE_CODE = YES;
				CLANG_WARN__DUPLICATE_METHOD_MATCH = YES;
				CODE_SIGN_IDENTITY = "iPhone Developer";
				COPY_PHASE_STRIP = NO;
				DEBUG_INFORMATION_FORMAT = "dwarf-with-dsym";
				ENABLE_NS_ASSERTIONS = NO;
				ENABLE_STRICT_OBJC_MSGSEND = YES;
				GCC_C_LANGUAGE_STANDARD = gnu11;
				GCC_NO_COMMON_BLOCKS = YES;
				GCC_WARN_64_TO_32_BIT_CONVERSION = YES;
				GCC_WARN_ABOUT_RETURN_TYPE = YES_ERROR;
				GCC_WARN_UNDECLARED_SELECTOR = YES;
				GCC_WARN_UNINITIALIZED_AUTOS = YES_AGGRESSIVE;
				GCC_WARN_UNUSED_FUNCTION = YES;
				GCC_WARN_UNUSED_VARIABLE = YES;
				IPHONEOS_DEPLOYMENT_TARGET = 11.1;
				MTL_ENABLE_DEBUG_INFO = NO;
				SDKROOT = iphoneos;
				SWIFT_OPTIMIZATION_LEVEL = "-Owholemodule";
				VALIDATE_PRODUCT = YES;
			};
			name = Release;
		};
		C813CD371F894ADD00486ABB /* Debug */ = {
			isa = XCBuildConfiguration;
			buildSettings = {
				ASSETCATALOG_COMPILER_APPICON_NAME = AppIcon;
				CODE_SIGN_STYLE = Automatic;
				DEVELOPMENT_TEAM = D27V92ZH34;
				INFOPLIST_FILE = "Play Chess/Info.plist";
				LD_RUNPATH_SEARCH_PATHS = "$(inherited) @executable_path/Frameworks";
				PRODUCT_BUNDLE_IDENTIFIER = "com.augmentedreality.Play-Chess";
				PRODUCT_NAME = "$(TARGET_NAME)";
				SWIFT_VERSION = 4.0;
				TARGETED_DEVICE_FAMILY = "1,2";
			};
			name = Debug;
		};
		C813CD381F894ADD00486ABB /* Release */ = {
			isa = XCBuildConfiguration;
			buildSettings = {
				ASSETCATALOG_COMPILER_APPICON_NAME = AppIcon;
				CODE_SIGN_STYLE = Automatic;
				DEVELOPMENT_TEAM = D27V92ZH34;
				INFOPLIST_FILE = "Play Chess/Info.plist";
				LD_RUNPATH_SEARCH_PATHS = "$(inherited) @executable_path/Frameworks";
				PRODUCT_BUNDLE_IDENTIFIER = "com.augmentedreality.Play-Chess";
				PRODUCT_NAME = "$(TARGET_NAME)";
				SWIFT_VERSION = 4.0;
				TARGETED_DEVICE_FAMILY = "1,2";
			};
			name = Release;
		};
/* End XCBuildConfiguration section */

/* Begin XCConfigurationList section */
		C813CD1D1F894ADD00486ABB /* Build configuration list for PBXProject "Play Chess" */ = {
			isa = XCConfigurationList;
			buildConfigurations = (
				C813CD341F894ADD00486ABB /* Debug */,
				C813CD351F894ADD00486ABB /* Release */,
			);
			defaultConfigurationIsVisible = 0;
			defaultConfigurationName = Release;
		};
		C813CD361F894ADD00486ABB /* Build configuration list for PBXNativeTarget "Play Chess" */ = {
			isa = XCConfigurationList;
			buildConfigurations = (
				C813CD371F894ADD00486ABB /* Debug */,
				C813CD381F894ADD00486ABB /* Release */,
			);
			defaultConfigurationIsVisible = 0;
			defaultConfigurationName = Release;
		};
/* End XCConfigurationList section */
	};
	rootObject = C813CD1A1F894ADD00486ABB /* Project object */;
}
